
Microsoft Visual Studio Solution File, Format Version 12.00
# Visual Studio Version 16
VisualStudioVersion = 16.0.30204.135
MinimumVisualStudioVersion = 10.0.40219.1
Project("{FAE04EC0-301F-11D3-BF4B-00C04F79EFBC}") = "Presentation", "LoginExample\Presentation.csproj", "{F1ADC8B0-08CA-45C6-B77E-3CC4F3E860BC}"
EndProject
Project("{9A19103F-16F7-4668-BE54-9A1E7A4F7556}") = "Domain", "Domain\Domain.csproj", "{560F5EF1-FA10-4972-9D3B-4CA8CADD1FF6}"
EndProject
Project("{9A19103F-16F7-4668-BE54-9A1E7A4F7556}") = "DataAccess", "DataAccess\DataAccess.csproj", "{16E85236-142F-4F3F-886A-792B5781FA1C}"
EndProject
Project("{9A19103F-16F7-4668-BE54-9A1E7A4F7556}") = "Common", "Common\Common.csproj", "{B588F9A6-5298-4A05-B0E9-39FED6EAF193}"
EndProject
Global
	GlobalSection(SolutionConfigurationPlatforms) = preSolution
		Debug|Any CPU = Debug|Any CPU
		Release|Any CPU = Release|Any CPU
	EndGlobalSection
	GlobalSection(ProjectConfigurationPlatforms) = postSolution
		{F1ADC8B0-08CA-45C6-B77E-3CC4F3E860BC}.Debug|Any CPU.ActiveCfg = Debug|Any CPU
		{F1ADC8B0-08CA-45C6-B77E-3CC4F3E860BC}.Debug|Any CPU.Build.0 = Debug|Any CPU
		{F1ADC8B0-08CA-45C6-B77E-3CC4F3E860BC}.Release|Any CPU.ActiveCfg = Release|Any CPU
		{F1ADC8B0-08CA-45C6-B77E-3CC4F3E860BC}.Release|Any CPU.Build.0 = Release|Any CPU
		{560F5EF1-FA10-4972-9D3B-4CA8CADD1FF6}.Debug|Any CPU.ActiveCfg = Debug|Any CPU
		{560F5EF1-FA10-4972-9D3B-4CA8CADD1FF6}.Debug|Any CPU.Build.0 = Debug|Any CPU
		{560F5EF1-FA10-4972-9D3B-4CA8CADD1FF6}.Release|Any CPU.ActiveCfg = Release|Any CPU
		{560F5EF1-FA10-4972-9D3B-4CA8CADD1FF6}.Release|Any CPU.Build.0 = Release|Any CPU
		{16E85236-142F-4F3F-886A-792B5781FA1C}.Debug|Any CPU.ActiveCfg = Debug|Any CPU
		{16E85236-142F-4F3F-886A-792B5781FA1C}.Debug|Any CPU.Build.0 = Debug|Any CPU
		{16E85236-142F-4F3F-886A-792B5781FA1C}.Release|Any CPU.ActiveCfg = Release|Any CPU
		{16E85236-142F-4F3F-886A-792B5781FA1C}.Release|Any CPU.Build.0 = Release|Any CPU
		{B588F9A6-5298-4A05-B0E9-39FED6EAF193}.Debug|Any CPU.ActiveCfg = Debug|Any CPU
		{B588F9A6-5298-4A05-B0E9-39FED6EAF193}.Debug|Any CPU.Build.0 = Debug|Any CPU
		{B588F9A6-5298-4A05-B0E9-39FED6EAF193}.Release|Any CPU.ActiveCfg = Release|Any CPU
		{B588F9A6-5298-4A05-B0E9-39FED6EAF193}.Release|Any CPU.Build.0 = Release|Any CPU
	EndGlobalSection
	GlobalSection(SolutionProperties) = preSolution
		HideSolutionNode = FALSE
	EndGlobalSection
	GlobalSection(ExtensibilityGlobals) = postSolution
		SolutionGuid = {1D36F34F-DF0E-4D3D-9B02-38276A886357}
	EndGlobalSection
EndGlobal
